github.com/creachadair/chirp v0.0.0-20250122234038-2cd3b1b52249 h1:vJ5WOKoiS1uhH6M2t6SCvuqPk/gmPZvWs7QV69vtJ10=
github.com/creachadair/chirp v0.0.0-20250122234038-2cd3b1b52249/go.mod h1:ybzT/bAInAHWdRvDU2BEqRzpa43Wmlw0af3O+v+x5gA=
github.com/creachadair/mds v0.23.0 h1:cANHIuKZwbfIoo/zEWA2sn+uGYjqYHuWvpoApkdjGpg=
github.com/creachadair/mds v0.23.0/go.mod h1:ArfS0vPHoLV/SzuIzoqTEZfoYmac7n9Cj8XPANHocvw=
github.com/creachadair/taskgroup v0.13.2 h1:3KyqakBuFsm3KkXi/9XIb0QcA8tEzLHLgaoidf0MdVc=
github.com/creachadair/taskgroup v0.13.2/go.mod h1:i3V1Zx7H8RjwljUEeUWYT30Lmb9poewSb2XI1yTwD0g=
github.com/fortytw2/leaktest v1.3.0 h1:u8491cBMTQ8ft8aeV+adlcytMZylmA5nnwwkRZjI8vw=
github.com/fortytw2/leaktest v1.3.0/go.mod h1:jDsjWgpAGjm2CA7WthBh/CdZYEPF31XHquHwclZch5g=
github.com/google/go-cmp v0.6.0 h1:ofyhxvXcZhMsU5ulbFiLKl/XBFqE1GSq7atu8tAmTRI=
github.com/google/go-cmp v0.6.0/go.mod h1:17dUlkBOakJ0+DkrSSNjCkIjxS6bF9zb3elmeNGIjoY=
